%{
  "bpe": {:hex, :bpe, "7.10.4", "c7e48d77243336b99424f8a3a2af2e82270445e59d720e24f6e50e27cb9b4f65", [:mix, :rebar3], [{:kvs, "~> 9.4.8", [hex: :kvs, repo: "hexpm", optional: false]}, {:rocksdb, "~> 1.6.0", [hex: :rocksdb, repo: "hexpm", optional: false]}, {:syn, "~> 2.1.0", [hex: :syn, repo: "hexpm", optional: false]}], "hexpm", "4d6d5d200d6b36c0a773ed95df2a1cffb66bb499f01a1d3b08e4d1aeaa02c771"},
  "cowboy": {:hex, :cowboy, "2.9.0", "865dd8b6607e14cf03282e10e934023a1bd8be6f6bacf921a7e2a96d800cd452", [:make, :rebar3], [{:cowlib, "2.11.0", [hex: :cowlib, repo: "hexpm", optional: false]}, {:ranch, "1.8.0", [hex: :ranch, repo: "hexpm", optional: false]}], "hexpm", "2c729f934b4e1aa149aff882f57c6372c15399a20d54f65c8d67bef583021bde"},
  "cowlib": {:hex, :cowlib, "2.11.0", "0b9ff9c346629256c42ebe1eeb769a83c6cb771a6ee5960bd110ab0b9b872063", [:make, :rebar3], [], "hexpm", "2b3e9da0b21c4565751a6d4901c20d1b4cc25cbb7fd50d91d2ab6dd287bc86a9"},
  "earmark_parser": {:hex, :earmark_parser, "1.4.32", "fa739a0ecfa34493de19426681b23f6814573faee95dfd4b4aafe15a7b5b32c6", [:mix], [], "hexpm", "b8b0dd77d60373e77a3d7e8afa598f325e49e8663a51bcc2b88ef41838cca755"},
  "elixir_make": {:hex, :elixir_make, "0.6.3", "bc07d53221216838d79e03a8019d0839786703129599e9619f4ab74c8c096eac", [:mix], [], "hexpm", "f5cbd651c5678bcaabdbb7857658ee106b12509cd976c2c2fca99688e1daf716"},
  "ex_doc": {:hex, :ex_doc, "0.29.4", "6257ecbb20c7396b1fe5accd55b7b0d23f44b6aa18017b415cb4c2b91d997729", [:mix], [{:earmark_parser, "~> 1.4.31", [hex: :earmark_parser, repo: "hexpm", optional: false]}, {:makeup_elixir, "~> 0.14", [hex: :makeup_elixir, repo: "hexpm", optional: false]}, {:makeup_erlang, "~> 0.1", [hex: :makeup_erlang, repo: "hexpm", optional: false]}], "hexpm", "2c6699a737ae46cb61e4ed012af931b57b699643b24dabe2400a8168414bc4f5"},
  "kvs": {:hex, :kvs, "9.9.0", "8701ad48454874808451268d37802afa474a9db1e054960e381f4af3a05065c1", [:mix], [], "hexpm", "72d7ee006a8c3bccaf6f09006b45333a1105daa0b7578bb9617df7347b4a17de"},
  "makeup": {:hex, :makeup, "1.1.0", "6b67c8bc2882a6b6a445859952a602afc1a41c2e08379ca057c0f525366fc3ca", [:mix], [{:nimble_parsec, "~> 1.2.2 or ~> 1.3", [hex: :nimble_parsec, repo: "hexpm", optional: false]}], "hexpm", "0a45ed501f4a8897f580eabf99a2e5234ea3e75a4373c8a52824f6e873be57a6"},
  "makeup_elixir": {:hex, :makeup_elixir, "0.16.1", "cc9e3ca312f1cfeccc572b37a09980287e243648108384b97ff2b76e505c3555", [:mix], [{:makeup, "~> 1.0", [hex: :makeup, repo: "hexpm", optional: false]}, {:nimble_parsec, "~> 1.2.3 or ~> 1.3", [hex: :nimble_parsec, repo: "hexpm", optional: false]}], "hexpm", "e127a341ad1b209bd80f7bd1620a15693a9908ed780c3b763bccf7d200c767c6"},
  "makeup_erlang": {:hex, :makeup_erlang, "0.1.1", "3fcb7f09eb9d98dc4d208f49cc955a34218fc41ff6b84df7c75b3e6e533cc65f", [:mix], [{:makeup, "~> 1.0", [hex: :makeup, repo: "hexpm", optional: false]}], "hexpm", "174d0809e98a4ef0b3309256cbf97101c6ec01c4ab0b23e926a9e17df2077cbb"},
  "n2o": {:hex, :n2o, "9.11.1", "8db875a46183eadf0358300bc5b54aa38257465e227e2116b17597edfeb57b2d", [:mix, :rebar3], [], "hexpm", "4ea050d49dfd28c6b4e2a5c36bb5e958919a4656fda537c6b823e3d988801020"},
  "nimble_parsec": {:hex, :nimble_parsec, "1.3.1", "2c54013ecf170e249e9291ed0a62e5832f70a476c61da16f6aac6dca0189f2af", [:mix], [], "hexpm", "2682e3c0b2eb58d90c6375fc0cc30bc7be06f365bf72608804fb9cffa5e1b167"},
  "nitro": {:hex, :nitro, "7.12.1", "484c9a2e46512b7a4993b8ed30e93cf3173acf5fd8da3c594227ece3b9cd60b3", [:mix, :rebar3], [], "hexpm", "a679d58e7612c48e78940647dd74f709706c9b540a3c861b17b8cee400919abb"},
  "ranch": {:hex, :ranch, "1.8.0", "8c7a100a139fd57f17327b6413e4167ac559fbc04ca7448e9be9057311597a1d", [:make, :rebar3], [], "hexpm", "49fbcfd3682fab1f5d109351b61257676da1a2fdbe295904176d5e521a2ddfe5"},
  "rocksdb": {:hex, :rocksdb, "1.6.0", "e3f7286987c901da3286e38a676254cd575821db00214b4745b94bb4be82a1f3", [:rebar3], [], "hexpm", "4dfa34f05b678207578488d14776705ac13a29425eb1a0cefca4a8bc16e8b53f"},
  "syn": {:hex, :syn, "2.1.4", "eb364291b18cbe09212c5b6a26b4a652957d45a82d88411a806417294bacb232", [:rebar3], [], "hexpm", "7f37b53060746d7e4455cbcba92c06cb17ba6e294b9b55c0764f567bda218494"},
}
